
Microsoft Visual Studio Solution File, Format Version 12.00
# Visual Studio Version 17
VisualStudioVersion = 17.14.36401.2
MinimumVisualStudioVersion = 10.0.40219.1
Project("{FAE04EC0-301F-11D3-BF4B-00C04F79EFBC}") = "AppBlazor.Client", "AppBlazor.Client\AppBlazor.Client.csproj", "{E154C94A-CCF1-45A2-9C0F-6A10FB3553FD}"
EndProject
Project("{FAE04EC0-301F-11D3-BF4B-00C04F79EFBC}") = "AppBlazor.Entities", "AppBlazor.Entities\AppBlazor.Entities.csproj", "{7BB95E46-C91D-4D0D-BA51-0297E3D90415}"
EndProject
Project("{FAE04EC0-301F-11D3-BF4B-00C04F79EFBC}") = "AppBlazor.Test", "AppBlazor.Test\AppBlazor.Test.csproj", "{835A5499-00ED-4318-8ABE-CD14108E295A}"
EndProject
Project("{FAE04EC0-301F-11D3-BF4B-00C04F79EFBC}") = "BlazorAppLissy", "BlazorAppLissy\BlazorAppLissy.csproj", "{437CD5D8-0D94-4F6B-B308-5AB28988F786}"
EndProject
Global
	GlobalSection(SolutionConfigurationPlatforms) = preSolution
		Debug|Any CPU = Debug|Any CPU
		Release|Any CPU = Release|Any CPU
	EndGlobalSection
	GlobalSection(ProjectConfigurationPlatforms) = postSolution
		{E154C94A-CCF1-45A2-9C0F-6A10FB3553FD}.Debug|Any CPU.ActiveCfg = Debug|Any CPU
		{E154C94A-CCF1-45A2-9C0F-6A10FB3553FD}.Debug|Any CPU.Build.0 = Debug|Any CPU
		{E154C94A-CCF1-45A2-9C0F-6A10FB3553FD}.Release|Any CPU.ActiveCfg = Release|Any CPU
		{E154C94A-CCF1-45A2-9C0F-6A10FB3553FD}.Release|Any CPU.Build.0 = Release|Any CPU
		{7BB95E46-C91D-4D0D-BA51-0297E3D90415}.Debug|Any CPU.ActiveCfg = Debug|Any CPU
		{7BB95E46-C91D-4D0D-BA51-0297E3D90415}.Debug|Any CPU.Build.0 = Debug|Any CPU
		{7BB95E46-C91D-4D0D-BA51-0297E3D90415}.Release|Any CPU.ActiveCfg = Release|Any CPU
		{7BB95E46-C91D-4D0D-BA51-0297E3D90415}.Release|Any CPU.Build.0 = Release|Any CPU
		{835A5499-00ED-4318-8ABE-CD14108E295A}.Debug|Any CPU.ActiveCfg = Debug|Any CPU
		{835A5499-00ED-4318-8ABE-CD14108E295A}.Debug|Any CPU.Build.0 = Debug|Any CPU
		{835A5499-00ED-4318-8ABE-CD14108E295A}.Release|Any CPU.ActiveCfg = Release|Any CPU
		{835A5499-00ED-4318-8ABE-CD14108E295A}.Release|Any CPU.Build.0 = Release|Any CPU
		{437CD5D8-0D94-4F6B-B308-5AB28988F786}.Debug|Any CPU.ActiveCfg = Debug|Any CPU
		{437CD5D8-0D94-4F6B-B308-5AB28988F786}.Debug|Any CPU.Build.0 = Debug|Any CPU
		{437CD5D8-0D94-4F6B-B308-5AB28988F786}.Release|Any CPU.ActiveCfg = Release|Any CPU
		{437CD5D8-0D94-4F6B-B308-5AB28988F786}.Release|Any CPU.Build.0 = Release|Any CPU
	EndGlobalSection
	GlobalSection(SolutionProperties) = preSolution
		HideSolutionNode = FALSE
	EndGlobalSection
	GlobalSection(ExtensibilityGlobals) = postSolution
		SolutionGuid = {B8A48A17-548E-4DD9-A7C5-1317004BEC48}
	EndGlobalSection
EndGlobal
